{
  "version": 4,
  "terraform_version": "1.10.5",
  "serial": 466,
  "lineage": "b5eecab1-42f3-3f3e-cffd-5e4c015cd665",
  "outputs": {
    "network_self_link": {
      "value": "https://www.googleapis.com/compute/v1/projects/training-472512/global/networks/k8s-project-vpc-dev",
      "type": "string"
    },
    "subnet_names": {
      "value": [
        "k8s-project-subnet-dev-a",
        "k8s-project-subnet-dev-b"
      ],
      "type": [
        "tuple",
        [
          "string",
          "string"
        ]
      ]
    },
    "subnet_self_links": {
      "value": {
        "k8s-project-subnet-dev-a": "https://www.googleapis.com/compute/v1/projects/training-472512/regions/europe-west3/subnetworks/k8s-project-subnet-dev-a",
        "k8s-project-subnet-dev-b": "https://www.googleapis.com/compute/v1/projects/training-472512/regions/europe-west3/subnetworks/k8s-project-subnet-dev-b"
      },
      "type": [
        "object",
        {
          "k8s-project-subnet-dev-a": "string",
          "k8s-project-subnet-dev-b": "string"
        }
      ]
    },
    "vpc_name": {
      "value": "k8s-project-vpc-dev",
      "type": "string"
    }
  },
  "resources": [
    {
      "mode": "managed",
      "type": "google_compute_project_metadata_item",
      "name": "os_login",
      "provider": "provider[\"registry.terraform.io/hashicorp/google\"]",
      "instances": [
        {
          "schema_version": 0,
          "attributes": {
            "id": "enable-oslogin",
            "key": "enable-oslogin",
            "project": "training-472512",
            "timeouts": null,
            "value": "TRUE"
          },
          "sensitive_attributes": [],
          "private": "eyJlMmJmYjczMC1lY2FhLTExZTYtOGY4OC0zNDM2M2JjN2M0YzAiOnsiY3JlYXRlIjo0MjAwMDAwMDAwMDAsImRlbGV0ZSI6NDIwMDAwMDAwMDAwLCJ1cGRhdGUiOjQyMDAwMDAwMDAwMH19"
        }
      ]
    },
    {
      "mode": "managed",
      "type": "google_project_service",
      "name": "apis",
      "provider": "provider[\"registry.terraform.io/hashicorp/google\"]",
      "instances": [
        {
          "index_key": "cloudbuild.googleapis.com",
          "schema_version": 0,
          "attributes": {
            "disable_dependent_services": null,
            "disable_on_destroy": false,
            "id": "training-472512/cloudbuild.googleapis.com",
            "project": "training-472512",
            "service": "cloudbuild.googleapis.com",
            "timeouts": null
          },
          "sensitive_attributes": [],
          "private": "eyJlMmJmYjczMC1lY2FhLTExZTYtOGY4OC0zNDM2M2JjN2M0YzAiOnsiY3JlYXRlIjoxMjAwMDAwMDAwMDAwLCJkZWxldGUiOjEyMDAwMDAwMDAwMDAsInJlYWQiOjYwMDAwMDAwMDAwMCwidXBkYXRlIjoxMjAwMDAwMDAwMDAwfX0="
        },
        {
          "index_key": "cloudresourcemanager.googleapis.com",
          "schema_version": 0,
          "attributes": {
            "disable_dependent_services": null,
            "disable_on_destroy": false,
            "id": "training-472512/cloudresourcemanager.googleapis.com",
            "project": "training-472512",
            "service": "cloudresourcemanager.googleapis.com",
            "timeouts": null
          },
          "sensitive_attributes": [],
          "private": "eyJlMmJmYjczMC1lY2FhLTExZTYtOGY4OC0zNDM2M2JjN2M0YzAiOnsiY3JlYXRlIjoxMjAwMDAwMDAwMDAwLCJkZWxldGUiOjEyMDAwMDAwMDAwMDAsInJlYWQiOjYwMDAwMDAwMDAwMCwidXBkYXRlIjoxMjAwMDAwMDAwMDAwfX0="
        },
        {
          "index_key": "compute.googleapis.com",
          "schema_version": 0,
          "attributes": {
            "disable_dependent_services": null,
            "disable_on_destroy": false,
            "id": "training-472512/compute.googleapis.com",
            "project": "training-472512",
            "service": "compute.googleapis.com",
            "timeouts": null
          },
          "sensitive_attributes": [],
          "private": "eyJlMmJmYjczMC1lY2FhLTExZTYtOGY4OC0zNDM2M2JjN2M0YzAiOnsiY3JlYXRlIjoxMjAwMDAwMDAwMDAwLCJkZWxldGUiOjEyMDAwMDAwMDAwMDAsInJlYWQiOjYwMDAwMDAwMDAwMCwidXBkYXRlIjoxMjAwMDAwMDAwMDAwfX0="
        },
        {
          "index_key": "iam.googleapis.com",
          "schema_version": 0,
          "attributes": {
            "disable_dependent_services": null,
            "disable_on_destroy": false,
            "id": "training-472512/iam.googleapis.com",
            "project": "training-472512",
            "service": "iam.googleapis.com",
            "timeouts": null
          },
          "sensitive_attributes": [],
          "private": "eyJlMmJmYjczMC1lY2FhLTExZTYtOGY4OC0zNDM2M2JjN2M0YzAiOnsiY3JlYXRlIjoxMjAwMDAwMDAwMDAwLCJkZWxldGUiOjEyMDAwMDAwMDAwMDAsInJlYWQiOjYwMDAwMDAwMDAwMCwidXBkYXRlIjoxMjAwMDAwMDAwMDAwfX0="
        },
        {
          "index_key": "run.googleapis.com",
          "schema_version": 0,
          "attributes": {
            "disable_dependent_services": null,
            "disable_on_destroy": false,
            "id": "training-472512/run.googleapis.com",
            "project": "training-472512",
            "service": "run.googleapis.com",
            "timeouts": null
          },
          "sensitive_attributes": [],
          "private": "eyJlMmJmYjczMC1lY2FhLTExZTYtOGY4OC0zNDM2M2JjN2M0YzAiOnsiY3JlYXRlIjoxMjAwMDAwMDAwMDAwLCJkZWxldGUiOjEyMDAwMDAwMDAwMDAsInJlYWQiOjYwMDAwMDAwMDAwMCwidXBkYXRlIjoxMjAwMDAwMDAwMDAwfX0="
        },
        {
          "index_key": "secretmanager.googleapis.com",
          "schema_version": 0,
          "attributes": {
            "disable_dependent_services": null,
            "disable_on_destroy": false,
            "id": "training-472512/secretmanager.googleapis.com",
            "project": "training-472512",
            "service": "secretmanager.googleapis.com",
            "timeouts": null
          },
          "sensitive_attributes": [],
          "private": "eyJlMmJmYjczMC1lY2FhLTExZTYtOGY4OC0zNDM2M2JjN2M0YzAiOnsiY3JlYXRlIjoxMjAwMDAwMDAwMDAwLCJkZWxldGUiOjEyMDAwMDAwMDAwMDAsInJlYWQiOjYwMDAwMDAwMDAwMCwidXBkYXRlIjoxMjAwMDAwMDAwMDAwfX0="
        },
        {
          "index_key": "sql-component.googleapis.com",
          "schema_version": 0,
          "attributes": {
            "disable_dependent_services": null,
            "disable_on_destroy": false,
            "id": "training-472512/sql-component.googleapis.com",
            "project": "training-472512",
            "service": "sql-component.googleapis.com",
            "timeouts": null
          },
          "sensitive_attributes": [],
          "private": "eyJlMmJmYjczMC1lY2FhLTExZTYtOGY4OC0zNDM2M2JjN2M0YzAiOnsiY3JlYXRlIjoxMjAwMDAwMDAwMDAwLCJkZWxldGUiOjEyMDAwMDAwMDAwMDAsInJlYWQiOjYwMDAwMDAwMDAwMCwidXBkYXRlIjoxMjAwMDAwMDAwMDAwfX0="
        },
        {
          "index_key": "sqladmin.googleapis.com",
          "schema_version": 0,
          "attributes": {
            "disable_dependent_services": null,
            "disable_on_destroy": false,
            "id": "training-472512/sqladmin.googleapis.com",
            "project": "training-472512",
            "service": "sqladmin.googleapis.com",
            "timeouts": null
          },
          "sensitive_attributes": [],
          "private": "eyJlMmJmYjczMC1lY2FhLTExZTYtOGY4OC0zNDM2M2JjN2M0YzAiOnsiY3JlYXRlIjoxMjAwMDAwMDAwMDAwLCJkZWxldGUiOjEyMDAwMDAwMDAwMDAsInJlYWQiOjYwMDAwMDAwMDAwMCwidXBkYXRlIjoxMjAwMDAwMDAwMDAwfX0="
        },
        {
          "index_key": "storage.googleapis.com",
          "schema_version": 0,
          "attributes": {
            "disable_dependent_services": null,
            "disable_on_destroy": false,
            "id": "training-472512/storage.googleapis.com",
            "project": "training-472512",
            "service": "storage.googleapis.com",
            "timeouts": null
          },
          "sensitive_attributes": [],
          "private": "eyJlMmJmYjczMC1lY2FhLTExZTYtOGY4OC0zNDM2M2JjN2M0YzAiOnsiY3JlYXRlIjoxMjAwMDAwMDAwMDAwLCJkZWxldGUiOjEyMDAwMDAwMDAwMDAsInJlYWQiOjYwMDAwMDAwMDAwMCwidXBkYXRlIjoxMjAwMDAwMDAwMDAwfX0="
        }
      ]
    },
    {
      "module": "module.networking",
      "mode": "managed",
      "type": "google_compute_firewall",
      "name": "firewall",
      "provider": "provider[\"registry.terraform.io/hashicorp/google\"]",
      "instances": [
        {
          "index_key": "allow-cloud-run-to-mongodb",
          "schema_version": 1,
          "attributes": {
            "allow": [
              {
                "ports": [
                  "27017"
                ],
                "protocol": "tcp"
              }
            ],
            "creation_timestamp": "2025-10-19T10:16:16.740-07:00",
            "deny": [],
            "description": "Allow ingress from Cloud Run to MongoDB",
            "destination_ranges": [],
            "direction": "INGRESS",
            "disabled": false,
            "enable_logging": null,
            "id": "projects/training-472512/global/firewalls/k8s-project-vpc-dev-allow-cloud-run-to-mongodb",
            "log_config": [],
            "name": "k8s-project-vpc-dev-allow-cloud-run-to-mongodb",
            "network": "https://www.googleapis.com/compute/v1/projects/training-472512/global/networks/k8s-project-vpc-dev",
            "priority": 1000,
            "project": "training-472512",
            "self_link": "https://www.googleapis.com/compute/v1/projects/training-472512/global/firewalls/k8s-project-vpc-dev-allow-cloud-run-to-mongodb",
            "source_ranges": null,
            "source_service_accounts": null,
            "source_tags": [
              "cloud-run-service"
            ],
            "target_service_accounts": null,
            "target_tags": [
              "mongodb-vm"
            ],
            "timeouts": null
          },
          "sensitive_attributes": [],
          "private": "eyJlMmJmYjczMC1lY2FhLTExZTYtOGY4OC0zNDM2M2JjN2M0YzAiOnsiY3JlYXRlIjoxMjAwMDAwMDAwMDAwLCJkZWxldGUiOjEyMDAwMDAwMDAwMDAsInVwZGF0ZSI6MTIwMDAwMDAwMDAwMH0sInNjaGVtYV92ZXJzaW9uIjoiMSJ9",
          "dependencies": [
            "module.networking.google_compute_network.vpc"
          ]
        },
        {
          "index_key": "allow-egress-mongodb",
          "schema_version": 1,
          "attributes": {
            "allow": [
              {
                "ports": [],
                "protocol": "all"
              }
            ],
            "creation_timestamp": "2025-10-19T10:16:16.289-07:00",
            "deny": [],
            "description": "Allow all egress from MongoDB VM",
            "destination_ranges": [
              "0.0.0.0/0"
            ],
            "direction": "EGRESS",
            "disabled": false,
            "enable_logging": null,
            "id": "projects/training-472512/global/firewalls/k8s-project-vpc-dev-allow-egress-mongodb",
            "log_config": [],
            "name": "k8s-project-vpc-dev-allow-egress-mongodb",
            "network": "https://www.googleapis.com/compute/v1/projects/training-472512/global/networks/k8s-project-vpc-dev",
            "priority": 1000,
            "project": "training-472512",
            "self_link": "https://www.googleapis.com/compute/v1/projects/training-472512/global/firewalls/k8s-project-vpc-dev-allow-egress-mongodb",
            "source_ranges": null,
            "source_service_accounts": null,
            "source_tags": null,
            "target_service_accounts": null,
            "target_tags": [
              "mongodb-vm"
            ],
            "timeouts": null
          },
          "sensitive_attributes": [],
          "private": "eyJlMmJmYjczMC1lY2FhLTExZTYtOGY4OC0zNDM2M2JjN2M0YzAiOnsiY3JlYXRlIjoxMjAwMDAwMDAwMDAwLCJkZWxldGUiOjEyMDAwMDAwMDAwMDAsInVwZGF0ZSI6MTIwMDAwMDAwMDAwMH0sInNjaGVtYV92ZXJzaW9uIjoiMSJ9",
          "dependencies": [
            "module.networking.google_compute_network.vpc"
          ]
        },
        {
          "index_key": "allow-internal",
          "schema_version": 1,
          "attributes": {
            "allow": [
              {
                "ports": [],
                "protocol": "all"
              }
            ],
            "creation_timestamp": "2025-10-19T10:16:16.585-07:00",
            "deny": [],
            "description": "Allow internal traffic",
            "destination_ranges": [],
            "direction": "INGRESS",
            "disabled": false,
            "enable_logging": null,
            "id": "projects/training-472512/global/firewalls/k8s-project-vpc-dev-allow-internal",
            "log_config": [],
            "name": "k8s-project-vpc-dev-allow-internal",
            "network": "https://www.googleapis.com/compute/v1/projects/training-472512/global/networks/k8s-project-vpc-dev",
            "priority": 1000,
            "project": "training-472512",
            "self_link": "https://www.googleapis.com/compute/v1/projects/training-472512/global/firewalls/k8s-project-vpc-dev-allow-internal",
            "source_ranges": [
              "10.0.0.0/8"
            ],
            "source_service_accounts": null,
            "source_tags": null,
            "target_service_accounts": null,
            "target_tags": null,
            "timeouts": null
          },
          "sensitive_attributes": [],
          "private": "eyJlMmJmYjczMC1lY2FhLTExZTYtOGY4OC0zNDM2M2JjN2M0YzAiOnsiY3JlYXRlIjoxMjAwMDAwMDAwMDAwLCJkZWxldGUiOjEyMDAwMDAwMDAwMDAsInVwZGF0ZSI6MTIwMDAwMDAwMDAwMH0sInNjaGVtYV92ZXJzaW9uIjoiMSJ9",
          "dependencies": [
            "module.networking.google_compute_network.vpc"
          ]
        },
        {
          "index_key": "allow-ssh-via-iap",
          "schema_version": 1,
          "attributes": {
            "allow": [
              {
                "ports": [
                  "22"
                ],
                "protocol": "tcp"
              }
            ],
            "creation_timestamp": "2025-10-19T10:16:16.657-07:00",
            "deny": [],
            "description": "Allow SSH via IAP",
            "destination_ranges": [],
            "direction": "INGRESS",
            "disabled": false,
            "enable_logging": null,
            "id": "projects/training-472512/global/firewalls/k8s-project-vpc-dev-allow-ssh-via-iap",
            "log_config": [],
            "name": "k8s-project-vpc-dev-allow-ssh-via-iap",
            "network": "https://www.googleapis.com/compute/v1/projects/training-472512/global/networks/k8s-project-vpc-dev",
            "priority": 1000,
            "project": "training-472512",
            "self_link": "https://www.googleapis.com/compute/v1/projects/training-472512/global/firewalls/k8s-project-vpc-dev-allow-ssh-via-iap",
            "source_ranges": [
              "35.235.240.0/20"
            ],
            "source_service_accounts": null,
            "source_tags": null,
            "target_service_accounts": null,
            "target_tags": null,
            "timeouts": null
          },
          "sensitive_attributes": [],
          "private": "eyJlMmJmYjczMC1lY2FhLTExZTYtOGY4OC0zNDM2M2JjN2M0YzAiOnsiY3JlYXRlIjoxMjAwMDAwMDAwMDAwLCJkZWxldGUiOjEyMDAwMDAwMDAwMDAsInVwZGF0ZSI6MTIwMDAwMDAwMDAwMH0sInNjaGVtYV92ZXJzaW9uIjoiMSJ9",
          "dependencies": [
            "module.networking.google_compute_network.vpc"
          ]
        }
      ]
    },
    {
      "module": "module.networking",
      "mode": "managed",
      "type": "google_compute_network",
      "name": "vpc",
      "provider": "provider[\"registry.terraform.io/hashicorp/google\"]",
      "instances": [
        {
          "schema_version": 0,
          "attributes": {
            "auto_create_subnetworks": false,
            "delete_default_routes_on_create": false,
            "description": "",
            "enable_ula_internal_ipv6": false,
            "gateway_ipv4": "",
            "id": "projects/training-472512/global/networks/k8s-project-vpc-dev",
            "internal_ipv6_range": "",
            "mtu": 0,
            "name": "k8s-project-vpc-dev",
            "network_firewall_policy_enforcement_order": "AFTER_CLASSIC_FIREWALL",
            "numeric_id": "596365953094689318",
            "project": "training-472512",
            "routing_mode": "REGIONAL",
            "self_link": "https://www.googleapis.com/compute/v1/projects/training-472512/global/networks/k8s-project-vpc-dev",
            "timeouts": null
          },
          "sensitive_attributes": [],
          "private": "eyJlMmJmYjczMC1lY2FhLTExZTYtOGY4OC0zNDM2M2JjN2M0YzAiOnsiY3JlYXRlIjoxMjAwMDAwMDAwMDAwLCJkZWxldGUiOjEyMDAwMDAwMDAwMDAsInVwZGF0ZSI6MTIwMDAwMDAwMDAwMH19"
        }
      ]
    },
    {
      "module": "module.networking",
      "mode": "managed",
      "type": "google_compute_subnetwork",
      "name": "subnets",
      "provider": "provider[\"registry.terraform.io/hashicorp/google\"]",
      "instances": [
        {
          "index_key": "k8s-project-subnet-dev-a",
          "schema_version": 0,
          "attributes": {
            "creation_timestamp": "2025-10-19T10:16:16.562-07:00",
            "description": "",
            "external_ipv6_prefix": "",
            "fingerprint": null,
            "gateway_address": "10.10.1.1",
            "id": "projects/training-472512/regions/europe-west3/subnetworks/k8s-project-subnet-dev-a",
            "internal_ipv6_prefix": "",
            "ip_cidr_range": "10.10.1.0/24",
            "ipv6_access_type": "",
            "ipv6_cidr_range": "",
            "log_config": [],
            "name": "k8s-project-subnet-dev-a",
            "network": "https://www.googleapis.com/compute/v1/projects/training-472512/global/networks/k8s-project-vpc-dev",
            "private_ip_google_access": true,
            "private_ipv6_google_access": "DISABLE_GOOGLE_ACCESS",
            "project": "training-472512",
            "purpose": "PRIVATE",
            "region": "europe-west3",
            "role": "",
            "secondary_ip_range": [],
            "self_link": "https://www.googleapis.com/compute/v1/projects/training-472512/regions/europe-west3/subnetworks/k8s-project-subnet-dev-a",
            "send_secondary_ip_range_if_empty": null,
            "stack_type": "IPV4_ONLY",
            "timeouts": null
          },
          "sensitive_attributes": [],
          "private": "eyJlMmJmYjczMC1lY2FhLTExZTYtOGY4OC0zNDM2M2JjN2M0YzAiOnsiY3JlYXRlIjoxMjAwMDAwMDAwMDAwLCJkZWxldGUiOjEyMDAwMDAwMDAwMDAsInVwZGF0ZSI6MTIwMDAwMDAwMDAwMH19",
          "dependencies": [
            "module.networking.google_compute_network.vpc"
          ]
        },
        {
          "index_key": "k8s-project-subnet-dev-b",
          "schema_version": 0,
          "attributes": {
            "creation_timestamp": "2025-10-19T10:16:17.029-07:00",
            "description": "",
            "external_ipv6_prefix": "",
            "fingerprint": null,
            "gateway_address": "10.10.2.1",
            "id": "projects/training-472512/regions/europe-west3/subnetworks/k8s-project-subnet-dev-b",
            "internal_ipv6_prefix": "",
            "ip_cidr_range": "10.10.2.0/24",
            "ipv6_access_type": "",
            "ipv6_cidr_range": "",
            "log_config": [],
            "name": "k8s-project-subnet-dev-b",
            "network": "https://www.googleapis.com/compute/v1/projects/training-472512/global/networks/k8s-project-vpc-dev",
            "private_ip_google_access": true,
            "private_ipv6_google_access": "DISABLE_GOOGLE_ACCESS",
            "project": "training-472512",
            "purpose": "PRIVATE",
            "region": "europe-west3",
            "role": "",
            "secondary_ip_range": [],
            "self_link": "https://www.googleapis.com/compute/v1/projects/training-472512/regions/europe-west3/subnetworks/k8s-project-subnet-dev-b",
            "send_secondary_ip_range_if_empty": null,
            "stack_type": "IPV4_ONLY",
            "timeouts": null
          },
          "sensitive_attributes": [],
          "private": "eyJlMmJmYjczMC1lY2FhLTExZTYtOGY4OC0zNDM2M2JjN2M0YzAiOnsiY3JlYXRlIjoxMjAwMDAwMDAwMDAwLCJkZWxldGUiOjEyMDAwMDAwMDAwMDAsInVwZGF0ZSI6MTIwMDAwMDAwMDAwMH19",
          "dependencies": [
            "module.networking.google_compute_network.vpc"
          ]
        }
      ]
    }
  ],
  "check_results": null
}
